// !$*UTF8*$!
{
	archiveVersion = 1;
	classes = {
	};
	objectVersion = 77;
	objects = {

/* Begin PBXBuildFile section */
		11A624BCD9E83643E9EFAD6B /* QuickEntryIntent.swift in Sources */ = {isa = PBXBuildFile; fileRef = 6D1C8C2AC1150D0DAB806256 /* QuickEntryIntent.swift */; };
		120F597E4F1086412852D2E1 /* GalleryView.swift in Sources */ = {isa = PBXBuildFile; fileRef = 37B2FB80E4F27021B2612D55 /* GalleryView.swift */; };
		168AADB11821098DC8E5B39B /* LedgerExportDemo.swift in Sources */ = {isa = PBXBuildFile; fileRef = 2DC335FD4B50185ABB449B0C /* LedgerExportDemo.swift */; };
		1BCC2E687C30DAF70DBAE3FF /* DemoScreens.swift in Sources */ = {isa = PBXBuildFile; fileRef = AC31184C412BC1233EFFA39D /* DemoScreens.swift */; };
		1CD6F940132648589CB05C3E /* MedsWidgetShared.swift in Sources */ = {isa = PBXBuildFile; fileRef = 55B30EC62863C3272BB0985E /* MedsWidgetShared.swift */; };
		35F33BB6257CDE2C3883ED04 /* IdeaLabWidgets in Frameworks */ = {isa = PBXBuildFile; productRef = C0A275FC09D1458721725E8F /* IdeaLabWidgets */; };
		3D403F77DA20A07E51D39AC4 /* DemoWidgets.swift in Sources */ = {isa = PBXBuildFile; fileRef = CC9E33123DF5DEBF83503BC2 /* DemoWidgets.swift */; };
		490F096A9D5AC7F7447707B2 /* IdeaLabDemoApp.swift in Sources */ = {isa = PBXBuildFile; fileRef = 5068764B3FB84AAF72154706 /* IdeaLabDemoApp.swift */; };
		4F6B09D7F6E918BD0D4CB423 /* LabStoreTests.swift in Sources */ = {isa = PBXBuildFile; fileRef = 843A0224EB4EEAAF38BA16BF /* LabStoreTests.swift */; };
		52B77476AC6DA89DD6D4F5CF /* TokensScreen.swift in Sources */ = {isa = PBXBuildFile; fileRef = 441B85D20B8801324516FDFC /* TokensScreen.swift */; };
		5A70E685C4256BDAC448C0C4 /* IdeaLabCore in Frameworks */ = {isa = PBXBuildFile; productRef = 131E1CAE69793FD1E0C18E59 /* IdeaLabCore */; };
		612C91A3C66ECA7B7A6F2873 /* CleanerDemo.swift in Sources */ = {isa = PBXBuildFile; fileRef = 1477B1DF121AF2B93EE749C2 /* CleanerDemo.swift */; };
		61B721FBDB5F08EF6248D45D /* IdeaLabCore in Frameworks */ = {isa = PBXBuildFile; productRef = 80F0750C775222F7E68D7B10 /* IdeaLabCore */; };
		747F96474432CE83308A740F /* IdeaLabStore in Frameworks */ = {isa = PBXBuildFile; productRef = EBE90D97386EB571B57AC051 /* IdeaLabStore */; };
		987429CBBEA857A922784784 /* Products.storekit in Resources */ = {isa = PBXBuildFile; fileRef = 1AA9CD9E9F3F766D7EF69058 /* Products.storekit */; };
		A5A8806AC67A1D4796676A21 /* ComponentsScreen.swift in Sources */ = {isa = PBXBuildFile; fileRef = 415E7A8B9B03C144FDB1A3CD /* ComponentsScreen.swift */; };
		A93B5A91A4501D0A346061F1 /* IdeaLabDemoControls.appex in Embed Foundation Extensions */ = {isa = PBXBuildFile; fileRef = 9B6FCE229C9A9A3111ECD8E1 /* IdeaLabDemoControls.appex */; settings = {ATTRIBUTES = (RemoveHeadersOnCopy, ); }; };
		AE3A5B1BE09CEFACB6C6BA9D /* QuickEntryControls.swift in Sources */ = {isa = PBXBuildFile; fileRef = 2FD729C4FEEA23DD50EB1D69 /* QuickEntryControls.swift */; };
		B0D3955E8A39A8847F7C16E1 /* IdeaLabPhotos in Frameworks */ = {isa = PBXBuildFile; productRef = 2820F0EF930632FE3E380248 /* IdeaLabPhotos */; };
		B43808F7D0CA07D65DB7B034 /* IdeaLabWidgets in Frameworks */ = {isa = PBXBuildFile; productRef = 6C1448D2C61EAF5B94A589B4 /* IdeaLabWidgets */; };
		CAE5572BB9540067F1D549D7 /* MedsWidgetShared.swift in Sources */ = {isa = PBXBuildFile; fileRef = 55B30EC62863C3272BB0985E /* MedsWidgetShared.swift */; };
		CEAA09BE554E20D9BE43A9AC /* LibraryDemo.swift in Sources */ = {isa = PBXBuildFile; fileRef = A915B03B271A199198A0CEE4 /* LibraryDemo.swift */; };
		D9EC0876D261F77136BF37F6 /* MedsWidget.swift in Sources */ = {isa = PBXBuildFile; fileRef = CF3A69B4F5EAC85EAD730161 /* MedsWidget.swift */; };
		DCE5E2967E2695C305DED6CA /* IdeaLabUI in Frameworks */ = {isa = PBXBuildFile; productRef = EA986E2395F873E9BCA76CA5 /* IdeaLabUI */; };
		FDF395808AE6A25454DE17A5 /* QuickEntryIntent.swift in Sources */ = {isa = PBXBuildFile; fileRef = 6D1C8C2AC1150D0DAB806256 /* QuickEntryIntent.swift */; };
		FF9EBF30E6F4CBBF0557D3E0 /* QuickEntryShortcuts.swift in Sources */ = {isa = PBXBuildFile; fileRef = FAB629500934911CC577A998 /* QuickEntryShortcuts.swift */; };
/* End PBXBuildFile section */

/* Begin PBXContainerItemProxy section */
		4B1EFBE167D6BACC837DFE22 /* PBXContainerItemProxy */ = {
			isa = PBXContainerItemProxy;
			containerPortal = F00421A292AA5FB5F513537F /* Project object */;
			proxyType = 1;
			remoteGlobalIDString = 1095E1D9A0AAD70B82D6A883;
			remoteInfo = IdeaLabDemoControls;
		};
		80DE2A43856AF6919D6F8860 /* PBXContainerItemProxy */ = {
			isa = PBXContainerItemProxy;
			containerPortal = F00421A292AA5FB5F513537F /* Project object */;
			proxyType = 1;
			remoteGlobalIDString = E79319CFFEFFFD8DD2E97781;
			remoteInfo = IdeaLabDemo;
		};
/* End PBXContainerItemProxy section */

/* Begin PBXCopyFilesBuildPhase section */
		E82D1278A8A43F28CA440806 /* Embed Foundation Extensions */ = {
			isa = PBXCopyFilesBuildPhase;
			buildActionMask = 2147483647;
			dstPath = "";
			dstSubfolderSpec = 13;
			files = (
				A93B5A91A4501D0A346061F1 /* IdeaLabDemoControls.appex in Embed Foundation Extensions */,
			);
			name = "Embed Foundation Extensions";
			runOnlyForDeploymentPostprocessing = 0;
		};
/* End PBXCopyFilesBuildPhase section */

/* Begin PBXFileReference section */
		1477B1DF121AF2B93EE749C2 /* CleanerDemo.swift */ = {isa = PBXFileReference; lastKnownFileType = sourcecode.swift; path = CleanerDemo.swift; sourceTree = "<group>"; };
		1AA9CD9E9F3F766D7EF69058 /* Products.storekit */ = {isa = PBXFileReference; path = Products.storekit; sourceTree = "<group>"; };
		2DC335FD4B50185ABB449B0C /* LedgerExportDemo.swift */ = {isa = PBXFileReference; lastKnownFileType = sourcecode.swift; path = LedgerExportDemo.swift; sourceTree = "<group>"; };
		2FD729C4FEEA23DD50EB1D69 /* QuickEntryControls.swift */ = {isa = PBXFileReference; lastKnownFileType = sourcecode.swift; path = QuickEntryControls.swift; sourceTree = "<group>"; };
		37B2FB80E4F27021B2612D55 /* GalleryView.swift */ = {isa = PBXFileReference; lastKnownFileType = sourcecode.swift; path = GalleryView.swift; sourceTree = "<group>"; };
		415E7A8B9B03C144FDB1A3CD /* ComponentsScreen.swift */ = {isa = PBXFileReference; lastKnownFileType = sourcecode.swift; path = ComponentsScreen.swift; sourceTree = "<group>"; };
		441B85D20B8801324516FDFC /* TokensScreen.swift */ = {isa = PBXFileReference; lastKnownFileType = sourcecode.swift; path = TokensScreen.swift; sourceTree = "<group>"; };
		4F2D8E90AE6AA4C5490078A6 /* Info.plist */ = {isa = PBXFileReference; lastKnownFileType = text.plist; path = Info.plist; sourceTree = "<group>"; };
		5068764B3FB84AAF72154706 /* IdeaLabDemoApp.swift */ = {isa = PBXFileReference; lastKnownFileType = sourcecode.swift; path = IdeaLabDemoApp.swift; sourceTree = "<group>"; };
		55B30EC62863C3272BB0985E /* MedsWidgetShared.swift */ = {isa = PBXFileReference; lastKnownFileType = sourcecode.swift; path = MedsWidgetShared.swift; sourceTree = "<group>"; };
		6D1C8C2AC1150D0DAB806256 /* QuickEntryIntent.swift */ = {isa = PBXFileReference; lastKnownFileType = sourcecode.swift; path = QuickEntryIntent.swift; sourceTree = "<group>"; };
		843A0224EB4EEAAF38BA16BF /* LabStoreTests.swift */ = {isa = PBXFileReference; lastKnownFileType = sourcecode.swift; path = LabStoreTests.swift; sourceTree = "<group>"; };
		8C9F501EFFFC856394D664A9 /* IdeaLabKit */ = {isa = PBXFileReference; lastKnownFileType = folder; name = IdeaLabKit; path = ../IdeaLabKit; sourceTree = SOURCE_ROOT; };
		9B5037976B9869C35452905D /* IdeaLabDemo.app */ = {isa = PBXFileReference; includeInIndex = 0; lastKnownFileType = wrapper.application; path = IdeaLabDemo.app; sourceTree = BUILT_PRODUCTS_DIR; };
		9B6FCE229C9A9A3111ECD8E1 /* IdeaLabDemoControls.appex */ = {isa = PBXFileReference; includeInIndex = 0; lastKnownFileType = "wrapper.app-extension"; path = IdeaLabDemoControls.appex; sourceTree = BUILT_PRODUCTS_DIR; };
		9D38466EF11F045D79DFCA3E /* Info.plist */ = {isa = PBXFileReference; lastKnownFileType = text.plist; path = Info.plist; sourceTree = "<group>"; };
		A915B03B271A199198A0CEE4 /* LibraryDemo.swift */ = {isa = PBXFileReference; lastKnownFileType = sourcecode.swift; path = LibraryDemo.swift; sourceTree = "<group>"; };
		AC31184C412BC1233EFFA39D /* DemoScreens.swift */ = {isa = PBXFileReference; lastKnownFileType = sourcecode.swift; path = DemoScreens.swift; sourceTree = "<group>"; };
		AF18CEB29F5B345D2040DCE7 /* IdeaLabDemoControls.entitlements */ = {isa = PBXFileReference; lastKnownFileType = text.plist.entitlements; path = IdeaLabDemoControls.entitlements; sourceTree = "<group>"; };
		BFF490D69F2C2F772F0A3257 /* IdeaLabDemo.entitlements */ = {isa = PBXFileReference; lastKnownFileType = text.plist.entitlements; path = IdeaLabDemo.entitlements; sourceTree = "<group>"; };
		C9F16D89C6F4C4C88ABEFF98 /* IdeaLabDemoTests.xctest */ = {isa = PBXFileReference; includeInIndex = 0; lastKnownFileType = wrapper.cfbundle; path = IdeaLabDemoTests.xctest; sourceTree = BUILT_PRODUCTS_DIR; };
		CC9E33123DF5DEBF83503BC2 /* DemoWidgets.swift */ = {isa = PBXFileReference; lastKnownFileType = sourcecode.swift; path = DemoWidgets.swift; sourceTree = "<group>"; };
		CF3A69B4F5EAC85EAD730161 /* MedsWidget.swift */ = {isa = PBXFileReference; lastKnownFileType = sourcecode.swift; path = MedsWidget.swift; sourceTree = "<group>"; };
		FAB629500934911CC577A998 /* QuickEntryShortcuts.swift */ = {isa = PBXFileReference; lastKnownFileType = sourcecode.swift; path = QuickEntryShortcuts.swift; sourceTree = "<group>"; };
/* End PBXFileReference section */

/* Begin PBXFrameworksBuildPhase section */
		6114135E601DCD59305B7CBD /* Frameworks */ = {
			isa = PBXFrameworksBuildPhase;
			buildActionMask = 2147483647;
			files = (
				61B721FBDB5F08EF6248D45D /* IdeaLabCore in Frameworks */,
				35F33BB6257CDE2C3883ED04 /* IdeaLabWidgets in Frameworks */,
			);
			runOnlyForDeploymentPostprocessing = 0;
		};
		C377ED368D88BE34F2E9D4E3 /* Frameworks */ = {
			isa = PBXFrameworksBuildPhase;
			buildActionMask = 2147483647;
			files = (
				5A70E685C4256BDAC448C0C4 /* IdeaLabCore in Frameworks */,
				DCE5E2967E2695C305DED6CA /* IdeaLabUI in Frameworks */,
				B0D3955E8A39A8847F7C16E1 /* IdeaLabPhotos in Frameworks */,
				747F96474432CE83308A740F /* IdeaLabStore in Frameworks */,
				B43808F7D0CA07D65DB7B034 /* IdeaLabWidgets in Frameworks */,
			);
			runOnlyForDeploymentPostprocessing = 0;
		};
/* End PBXFrameworksBuildPhase section */

/* Begin PBXGroup section */
		5121D2171124FBC9331E0ED9 = {
			isa = PBXGroup;
			children = (
				9DE5E5BE2D075DD087E0468C /* IdeaLabDemo */,
				9E16844531165222232927F9 /* IdeaLabDemoControls */,
				FB2CEE391B71C834A1FF0E21 /* IdeaLabDemoTests */,
				9D3605E6EAD6891BB588C7CB /* Packages */,
				EBC353BB8E8E55FB3CEDB447 /* Shared */,
				7D01579C947781265020AFDE /* Products */,
			);
			sourceTree = "<group>";
		};
		7D01579C947781265020AFDE /* Products */ = {
			isa = PBXGroup;
			children = (
				9B5037976B9869C35452905D /* IdeaLabDemo.app */,
				9B6FCE229C9A9A3111ECD8E1 /* IdeaLabDemoControls.appex */,
				C9F16D89C6F4C4C88ABEFF98 /* IdeaLabDemoTests.xctest */,
			);
			name = Products;
			sourceTree = "<group>";
		};
		9D3605E6EAD6891BB588C7CB /* Packages */ = {
			isa = PBXGroup;
			children = (
				8C9F501EFFFC856394D664A9 /* IdeaLabKit */,
			);
			name = Packages;
			sourceTree = "<group>";
		};
		9DE5E5BE2D075DD087E0468C /* IdeaLabDemo */ = {
			isa = PBXGroup;
			children = (
				1477B1DF121AF2B93EE749C2 /* CleanerDemo.swift */,
				415E7A8B9B03C144FDB1A3CD /* ComponentsScreen.swift */,
				AC31184C412BC1233EFFA39D /* DemoScreens.swift */,
				37B2FB80E4F27021B2612D55 /* GalleryView.swift */,
				BFF490D69F2C2F772F0A3257 /* IdeaLabDemo.entitlements */,
				5068764B3FB84AAF72154706 /* IdeaLabDemoApp.swift */,
				9D38466EF11F045D79DFCA3E /* Info.plist */,
				2DC335FD4B50185ABB449B0C /* LedgerExportDemo.swift */,
				A915B03B271A199198A0CEE4 /* LibraryDemo.swift */,
				FAB629500934911CC577A998 /* QuickEntryShortcuts.swift */,
				441B85D20B8801324516FDFC /* TokensScreen.swift */,
			);
			path = IdeaLabDemo;
			sourceTree = "<group>";
		};
		9E16844531165222232927F9 /* IdeaLabDemoControls */ = {
			isa = PBXGroup;
			children = (
				CC9E33123DF5DEBF83503BC2 /* DemoWidgets.swift */,
				AF18CEB29F5B345D2040DCE7 /* IdeaLabDemoControls.entitlements */,
				4F2D8E90AE6AA4C5490078A6 /* Info.plist */,
				CF3A69B4F5EAC85EAD730161 /* MedsWidget.swift */,
				2FD729C4FEEA23DD50EB1D69 /* QuickEntryControls.swift */,
			);
			path = IdeaLabDemoControls;
			sourceTree = "<group>";
		};
		EBC353BB8E8E55FB3CEDB447 /* Shared */ = {
			isa = PBXGroup;
			children = (
				55B30EC62863C3272BB0985E /* MedsWidgetShared.swift */,
				6D1C8C2AC1150D0DAB806256 /* QuickEntryIntent.swift */,
			);
			path = Shared;
			sourceTree = "<group>";
		};
		FB2CEE391B71C834A1FF0E21 /* IdeaLabDemoTests */ = {
			isa = PBXGroup;
			children = (
				843A0224EB4EEAAF38BA16BF /* LabStoreTests.swift */,
				1AA9CD9E9F3F766D7EF69058 /* Products.storekit */,
			);
			path = IdeaLabDemoTests;
			sourceTree = "<group>";
		};
/* End PBXGroup section */

/* Begin PBXNativeTarget section */
		1095E1D9A0AAD70B82D6A883 /* IdeaLabDemoControls */ = {
			isa = PBXNativeTarget;
			buildConfigurationList = B9FDA5614A230EDEA281B56D /* Build configuration list for PBXNativeTarget "IdeaLabDemoControls" */;
			buildPhases = (
				4F37510AB4C05FCC1FCEE69B /* Sources */,
				6114135E601DCD59305B7CBD /* Frameworks */,
			);
			buildRules = (
			);
			dependencies = (
			);
			name = IdeaLabDemoControls;
			packageProductDependencies = (
				80F0750C775222F7E68D7B10 /* IdeaLabCore */,
				C0A275FC09D1458721725E8F /* IdeaLabWidgets */,
			);
			productName = IdeaLabDemoControls;
			productReference = 9B6FCE229C9A9A3111ECD8E1 /* IdeaLabDemoControls.appex */;
			productType = "com.apple.product-type.app-extension";
		};
		5247EEA562995807F3BD3A25 /* IdeaLabDemoTests */ = {
			isa = PBXNativeTarget;
			buildConfigurationList = 7E792592301588154BF5C3FE /* Build configuration list for PBXNativeTarget "IdeaLabDemoTests" */;
			buildPhases = (
				D0DEEE8DD56637FDB822ABDE /* Sources */,
				B3857DCFBEB88A6A140B4AF4 /* Resources */,
			);
			buildRules = (
			);
			dependencies = (
				CADEF590D3961C07B05FBD33 /* PBXTargetDependency */,
			);
			name = IdeaLabDemoTests;
			packageProductDependencies = (
			);
			productName = IdeaLabDemoTests;
			productReference = C9F16D89C6F4C4C88ABEFF98 /* IdeaLabDemoTests.xctest */;
			productType = "com.apple.product-type.bundle.unit-test";
		};
		E79319CFFEFFFD8DD2E97781 /* IdeaLabDemo */ = {
			isa = PBXNativeTarget;
			buildConfigurationList = C23AF025006A29125697AB2B /* Build configuration list for PBXNativeTarget "IdeaLabDemo" */;
			buildPhases = (
				5D5DB0B3E3CAD782F09C0CE5 /* Sources */,
				C377ED368D88BE34F2E9D4E3 /* Frameworks */,
				E82D1278A8A43F28CA440806 /* Embed Foundation Extensions */,
			);
			buildRules = (
			);
			dependencies = (
				5030314441C03E11C8DAA391 /* PBXTargetDependency */,
			);
			name = IdeaLabDemo;
			packageProductDependencies = (
				131E1CAE69793FD1E0C18E59 /* IdeaLabCore */,
				EA986E2395F873E9BCA76CA5 /* IdeaLabUI */,
				2820F0EF930632FE3E380248 /* IdeaLabPhotos */,
				EBE90D97386EB571B57AC051 /* IdeaLabStore */,
				6C1448D2C61EAF5B94A589B4 /* IdeaLabWidgets */,
			);
			productName = IdeaLabDemo;
			productReference = 9B5037976B9869C35452905D /* IdeaLabDemo.app */;
			productType = "com.apple.product-type.application";
		};
/* End PBXNativeTarget section */

/* Begin PBXProject section */
		F00421A292AA5FB5F513537F /* Project object */ = {
			isa = PBXProject;
			attributes = {
				BuildIndependentTargetsInParallel = YES;
				LastUpgradeCheck = 1430;
				TargetAttributes = {
					1095E1D9A0AAD70B82D6A883 = {
						ProvisioningStyle = Automatic;
					};
					5247EEA562995807F3BD3A25 = {
						ProvisioningStyle = Automatic;
					};
					E79319CFFEFFFD8DD2E97781 = {
						ProvisioningStyle = Automatic;
					};
				};
			};
			buildConfigurationList = 9ECBFBF79054388F20DAD615 /* Build configuration list for PBXProject "IdeaLabDemo" */;
			developmentRegion = vi;
			hasScannedForEncodings = 0;
			knownRegions = (
				Base,
				vi,
			);
			mainGroup = 5121D2171124FBC9331E0ED9;
			minimizedProjectReferenceProxies = 1;
			packageReferences = (
				1111D2B2100AF557F04F6B52 /* XCLocalSwiftPackageReference "../IdeaLabKit" */,
			);
			preferredProjectObjectVersion = 77;
			productRefGroup = 7D01579C947781265020AFDE /* Products */;
			projectDirPath = "";
			projectRoot = "";
			targets = (
				E79319CFFEFFFD8DD2E97781 /* IdeaLabDemo */,
				1095E1D9A0AAD70B82D6A883 /* IdeaLabDemoControls */,
				5247EEA562995807F3BD3A25 /* IdeaLabDemoTests */,
			);
		};
/* End PBXProject section */

/* Begin PBXResourcesBuildPhase section */
		B3857DCFBEB88A6A140B4AF4 /* Resources */ = {
			isa = PBXResourcesBuildPhase;
			buildActionMask = 2147483647;
			files = (
				987429CBBEA857A922784784 /* Products.storekit in Resources */,
			);
			runOnlyForDeploymentPostprocessing = 0;
		};
/* End PBXResourcesBuildPhase section */

/* Begin PBXSourcesBuildPhase section */
		4F37510AB4C05FCC1FCEE69B /* Sources */ = {
			isa = PBXSourcesBuildPhase;
			buildActionMask = 2147483647;
			files = (
				3D403F77DA20A07E51D39AC4 /* DemoWidgets.swift in Sources */,
				D9EC0876D261F77136BF37F6 /* MedsWidget.swift in Sources */,
				1CD6F940132648589CB05C3E /* MedsWidgetShared.swift in Sources */,
				AE3A5B1BE09CEFACB6C6BA9D /* QuickEntryControls.swift in Sources */,
				11A624BCD9E83643E9EFAD6B /* QuickEntryIntent.swift in Sources */,
			);
			runOnlyForDeploymentPostprocessing = 0;
		};
		5D5DB0B3E3CAD782F09C0CE5 /* Sources */ = {
			isa = PBXSourcesBuildPhase;
			buildActionMask = 2147483647;
			files = (
				612C91A3C66ECA7B7A6F2873 /* CleanerDemo.swift in Sources */,
				A5A8806AC67A1D4796676A21 /* ComponentsScreen.swift in Sources */,
				1BCC2E687C30DAF70DBAE3FF /* DemoScreens.swift in Sources */,
				120F597E4F1086412852D2E1 /* GalleryView.swift in Sources */,
				490F096A9D5AC7F7447707B2 /* IdeaLabDemoApp.swift in Sources */,
				168AADB11821098DC8E5B39B /* LedgerExportDemo.swift in Sources */,
				CEAA09BE554E20D9BE43A9AC /* LibraryDemo.swift in Sources */,
				CAE5572BB9540067F1D549D7 /* MedsWidgetShared.swift in Sources */,
				FDF395808AE6A25454DE17A5 /* QuickEntryIntent.swift in Sources */,
				FF9EBF30E6F4CBBF0557D3E0 /* QuickEntryShortcuts.swift in Sources */,
				52B77476AC6DA89DD6D4F5CF /* TokensScreen.swift in Sources */,
			);
			runOnlyForDeploymentPostprocessing = 0;
		};
		D0DEEE8DD56637FDB822ABDE /* Sources */ = {
			isa = PBXSourcesBuildPhase;
			buildActionMask = 2147483647;
			files = (
				4F6B09D7F6E918BD0D4CB423 /* LabStoreTests.swift in Sources */,
			);
			runOnlyForDeploymentPostprocessing = 0;
		};
/* End PBXSourcesBuildPhase section */

/* Begin PBXTargetDependency section */
		5030314441C03E11C8DAA391 /* PBXTargetDependency */ = {
			isa = PBXTargetDependency;
			target = 1095E1D9A0AAD70B82D6A883 /* IdeaLabDemoControls */;
			targetProxy = 4B1EFBE167D6BACC837DFE22 /* PBXContainerItemProxy */;
		};
		CADEF590D3961C07B05FBD33 /* PBXTargetDependency */ = {
			isa = PBXTargetDependency;
			target = E79319CFFEFFFD8DD2E97781 /* IdeaLabDemo */;
			targetProxy = 80DE2A43856AF6919D6F8860 /* PBXContainerItemProxy */;
		};
/* End PBXTargetDependency section */

/* Begin XCBuildConfiguration section */
		3E96286F7468750896D84C1D /* Debug */ = {
			isa = XCBuildConfiguration;
			buildSettings = {
				ASSETCATALOG_COMPILER_APPICON_NAME = "";
				CODE_SIGN_ENTITLEMENTS = IdeaLabDemo/IdeaLabDemo.entitlements;
				CODE_SIGN_IDENTITY = "iPhone Developer";
				CODE_SIGN_STYLE = Automatic;
				ENABLE_PREVIEWS = YES;
				GENERATE_INFOPLIST_FILE = YES;
				INFOPLIST_FILE = IdeaLabDemo/Info.plist;
				INFOPLIST_KEY_CFBundleDisplayName = "IdeaLab UI";
				INFOPLIST_KEY_NSPhotoLibraryUsageDescription = "Để tìm ảnh chụp màn hình và ảnh chụp nhiều lần, rồi xoá những ảnh bạn chọn. Ảnh được phân loại ngay trên máy.";
				INFOPLIST_KEY_UIApplicationSceneManifest_Generation = YES;
				INFOPLIST_KEY_UILaunchScreen_Generation = YES;
				INFOPLIST_KEY_UISupportedInterfaceOrientations = UIInterfaceOrientationPortrait;
				LD_RUNPATH_SEARCH_PATHS = (
					"$(inherited)",
					"@executable_path/Frameworks",
				);
				PRODUCT_BUNDLE_IDENTIFIER = dev.idealab.demo;
				SDKROOT = iphoneos;
				TARGETED_DEVICE_FAMILY = 1;
			};
			name = Debug;
		};
		41BF4F613F41F964DAD93300 /* Release */ = {
			isa = XCBuildConfiguration;
			buildSettings = {
				APPLICATION_EXTENSION_API_ONLY = YES;
				CODE_SIGN_ENTITLEMENTS = IdeaLabDemoControls/IdeaLabDemoControls.entitlements;
				CODE_SIGN_STYLE = Automatic;
				GENERATE_INFOPLIST_FILE = YES;
				INFOPLIST_FILE = IdeaLabDemoControls/Info.plist;
				LD_RUNPATH_SEARCH_PATHS = (
					"$(inherited)",
					"@executable_path/Frameworks",
					"@executable_path/../../Frameworks",
				);
				PRODUCT_BUNDLE_IDENTIFIER = dev.idealab.demo.controls;
				SDKROOT = iphoneos;
				SKIP_INSTALL = YES;
				TARGETED_DEVICE_FAMILY = 1;
			};
			name = Release;
		};
		49F900243D2B609F2D607218 /* Release */ = {
			isa = XCBuildConfiguration;
			buildSettings = {
				ASSETCATALOG_COMPILER_APPICON_NAME = "";
				CODE_SIGN_ENTITLEMENTS = IdeaLabDemo/IdeaLabDemo.entitlements;
				CODE_SIGN_IDENTITY = "iPhone Developer";
				CODE_SIGN_STYLE = Automatic;
				ENABLE_PREVIEWS = YES;
				GENERATE_INFOPLIST_FILE = YES;
				INFOPLIST_FILE = IdeaLabDemo/Info.plist;
				INFOPLIST_KEY_CFBundleDisplayName = "IdeaLab UI";
				INFOPLIST_KEY_NSPhotoLibraryUsageDescription = "Để tìm ảnh chụp màn hình và ảnh chụp nhiều lần, rồi xoá những ảnh bạn chọn. Ảnh được phân loại ngay trên máy.";
				INFOPLIST_KEY_UIApplicationSceneManifest_Generation = YES;
				INFOPLIST_KEY_UILaunchScreen_Generation = YES;
				INFOPLIST_KEY_UISupportedInterfaceOrientations = UIInterfaceOrientationPortrait;
				LD_RUNPATH_SEARCH_PATHS = (
					"$(inherited)",
					"@executable_path/Frameworks",
				);
				PRODUCT_BUNDLE_IDENTIFIER = dev.idealab.demo;
				SDKROOT = iphoneos;
				TARGETED_DEVICE_FAMILY = 1;
			};
			name = Release;
		};
		8FDA977B87980409BBA5CCCD /* Debug */ = {
			isa = XCBuildConfiguration;
			buildSettings = {
				APPLICATION_EXTENSION_API_ONLY = YES;
				CODE_SIGN_ENTITLEMENTS = IdeaLabDemoControls/IdeaLabDemoControls.entitlements;
				CODE_SIGN_STYLE = Automatic;
				GENERATE_INFOPLIST_FILE = YES;
				INFOPLIST_FILE = IdeaLabDemoControls/Info.plist;
				LD_RUNPATH_SEARCH_PATHS = (
					"$(inherited)",
					"@executable_path/Frameworks",
					"@executable_path/../../Frameworks",
				);
				PRODUCT_BUNDLE_IDENTIFIER = dev.idealab.demo.controls;
				SDKROOT = iphoneos;
				SKIP_INSTALL = YES;
				TARGETED_DEVICE_FAMILY = 1;
			};
			name = Debug;
		};
		A1955DE7B158A0A021D49E0C /* Debug */ = {
			isa = XCBuildConfiguration;
			buildSettings = {
				BUNDLE_LOADER = "$(TEST_HOST)";
				CODE_SIGN_STYLE = Automatic;
				GENERATE_INFOPLIST_FILE = YES;
				LD_RUNPATH_SEARCH_PATHS = (
					"$(inherited)",
					"@executable_path/Frameworks",
					"@loader_path/Frameworks",
				);
				PRODUCT_BUNDLE_IDENTIFIER = dev.idealab.demo.tests;
				SDKROOT = iphoneos;
				TARGETED_DEVICE_FAMILY = 1;
				TEST_HOST = "$(BUILT_PRODUCTS_DIR)/IdeaLabDemo.app/IdeaLabDemo";
			};
			name = Debug;
		};
		DB85153BE94926A208CC0FB0 /* Release */ = {
			isa = XCBuildConfiguration;
			buildSettings = {
				BUNDLE_LOADER = "$(TEST_HOST)";
				CODE_SIGN_STYLE = Automatic;
				GENERATE_INFOPLIST_FILE = YES;
				LD_RUNPATH_SEARCH_PATHS = (
					"$(inherited)",
					"@executable_path/Frameworks",
					"@loader_path/Frameworks",
				);
				PRODUCT_BUNDLE_IDENTIFIER = dev.idealab.demo.tests;
				SDKROOT = iphoneos;
				TARGETED_DEVICE_FAMILY = 1;
				TEST_HOST = "$(BUILT_PRODUCTS_DIR)/IdeaLabDemo.app/IdeaLabDemo";
			};
			name = Release;
		};
		FA6D2C0F43096BDBA83CBDE1 /* Debug */ = {
			isa = XCBuildConfiguration;
			buildSettings = {
				ALWAYS_SEARCH_USER_PATHS = NO;
				CLANG_ANALYZER_NONNULL = YES;
				CLANG_ANALYZER_NUMBER_OBJECT_CONVERSION = YES_AGGRESSIVE;
				CLANG_CXX_LANGUAGE_STANDARD = "gnu++14";
				CLANG_CXX_LIBRARY = "libc++";
				CLANG_ENABLE_MODULES = YES;
				CLANG_ENABLE_OBJC_ARC = YES;
				CLANG_ENABLE_OBJC_WEAK = YES;
				CLANG_WARN_BLOCK_CAPTURE_AUTORELEASING = YES;
				CLANG_WARN_BOOL_CONVERSION = YES;
				CLANG_WARN_COMMA = YES;
				CLANG_WARN_CONSTANT_CONVERSION = YES;
				CLANG_WARN_DEPRECATED_OBJC_IMPLEMENTATIONS = YES;
				CLANG_WARN_DIRECT_OBJC_ISA_USAGE = YES_ERROR;
				CLANG_WARN_DOCUMENTATION_COMMENTS = YES;
				CLANG_WARN_EMPTY_BODY = YES;
				CLANG_WARN_ENUM_CONVERSION = YES;
				CLANG_WARN_INFINITE_RECURSION = YES;
				CLANG_WARN_INT_CONVERSION = YES;
				CLANG_WARN_NON_LITERAL_NULL_CONVERSION = YES;
				CLANG_WARN_OBJC_IMPLICIT_RETAIN_SELF = YES;
				CLANG_WARN_OBJC_LITERAL_CONVERSION = YES;
				CLANG_WARN_OBJC_ROOT_CLASS = YES_ERROR;
				CLANG_WARN_QUOTED_INCLUDE_IN_FRAMEWORK_HEADER = YES;
				CLANG_WARN_RANGE_LOOP_ANALYSIS = YES;
				CLANG_WARN_STRICT_PROTOTYPES = YES;
				CLANG_WARN_SUSPICIOUS_MOVE = YES;
				CLANG_WARN_UNGUARDED_AVAILABILITY = YES_AGGRESSIVE;
				CLANG_WARN_UNREACHABLE_CODE = YES;
				CLANG_WARN__DUPLICATE_METHOD_MATCH = YES;
				COPY_PHASE_STRIP = NO;
				CURRENT_PROJECT_VERSION = 1;
				DEBUG_INFORMATION_FORMAT = dwarf;
				ENABLE_STRICT_OBJC_MSGSEND = YES;
				ENABLE_TESTABILITY = YES;
				GCC_C_LANGUAGE_STANDARD = gnu11;
				GCC_DYNAMIC_NO_PIC = NO;
				GCC_NO_COMMON_BLOCKS = YES;
				GCC_OPTIMIZATION_LEVEL = 0;
				GCC_PREPROCESSOR_DEFINITIONS = (
					"$(inherited)",
					"DEBUG=1",
				);
				GCC_WARN_64_TO_32_BIT_CONVERSION = YES;
				GCC_WARN_ABOUT_RETURN_TYPE = YES_ERROR;
				GCC_WARN_UNDECLARED_SELECTOR = YES;
				GCC_WARN_UNINITIALIZED_AUTOS = YES_AGGRESSIVE;
				GCC_WARN_UNUSED_FUNCTION = YES;
				GCC_WARN_UNUSED_VARIABLE = YES;
				IPHONEOS_DEPLOYMENT_TARGET = 17.0;
				MARKETING_VERSION = 0.1.0;
				MTL_ENABLE_DEBUG_INFO = INCLUDE_SOURCE;
				MTL_FAST_MATH = YES;
				ONLY_ACTIVE_ARCH = YES;
				PRODUCT_NAME = "$(TARGET_NAME)";
				SDKROOT = iphoneos;
				SWIFT_ACTIVE_COMPILATION_CONDITIONS = DEBUG;
				SWIFT_OPTIMIZATION_LEVEL = "-Onone";
				SWIFT_VERSION = 6.0;
			};
			name = Debug;
		};
		FEB4B49E24A763E5A479C089 /* Release */ = {
			isa = XCBuildConfiguration;
			buildSettings = {
				ALWAYS_SEARCH_USER_PATHS = NO;
				CLANG_ANALYZER_NONNULL = YES;
				CLANG_ANALYZER_NUMBER_OBJECT_CONVERSION = YES_AGGRESSIVE;
				CLANG_CXX_LANGUAGE_STANDARD = "gnu++14";
				CLANG_CXX_LIBRARY = "libc++";
				CLANG_ENABLE_MODULES = YES;
				CLANG_ENABLE_OBJC_ARC = YES;
				CLANG_ENABLE_OBJC_WEAK = YES;
				CLANG_WARN_BLOCK_CAPTURE_AUTORELEASING = YES;
				CLANG_WARN_BOOL_CONVERSION = YES;
				CLANG_WARN_COMMA = YES;
				CLANG_WARN_CONSTANT_CONVERSION = YES;
				CLANG_WARN_DEPRECATED_OBJC_IMPLEMENTATIONS = YES;
				CLANG_WARN_DIRECT_OBJC_ISA_USAGE = YES_ERROR;
				CLANG_WARN_DOCUMENTATION_COMMENTS = YES;
				CLANG_WARN_EMPTY_BODY = YES;
				CLANG_WARN_ENUM_CONVERSION = YES;
				CLANG_WARN_INFINITE_RECURSION = YES;
				CLANG_WARN_INT_CONVERSION = YES;
				CLANG_WARN_NON_LITERAL_NULL_CONVERSION = YES;
				CLANG_WARN_OBJC_IMPLICIT_RETAIN_SELF = YES;
				CLANG_WARN_OBJC_LITERAL_CONVERSION = YES;
				CLANG_WARN_OBJC_ROOT_CLASS = YES_ERROR;
				CLANG_WARN_QUOTED_INCLUDE_IN_FRAMEWORK_HEADER = YES;
				CLANG_WARN_RANGE_LOOP_ANALYSIS = YES;
				CLANG_WARN_STRICT_PROTOTYPES = YES;
				CLANG_WARN_SUSPICIOUS_MOVE = YES;
				CLANG_WARN_UNGUARDED_AVAILABILITY = YES_AGGRESSIVE;
				CLANG_WARN_UNREACHABLE_CODE = YES;
				CLANG_WARN__DUPLICATE_METHOD_MATCH = YES;
				COPY_PHASE_STRIP = NO;
				CURRENT_PROJECT_VERSION = 1;
				DEBUG_INFORMATION_FORMAT = "dwarf-with-dsym";
				ENABLE_NS_ASSERTIONS = NO;
				ENABLE_STRICT_OBJC_MSGSEND = YES;
				GCC_C_LANGUAGE_STANDARD = gnu11;
				GCC_NO_COMMON_BLOCKS = YES;
				GCC_WARN_64_TO_32_BIT_CONVERSION = YES;
				GCC_WARN_ABOUT_RETURN_TYPE = YES_ERROR;
				GCC_WARN_UNDECLARED_SELECTOR = YES;
				GCC_WARN_UNINITIALIZED_AUTOS = YES_AGGRESSIVE;
				GCC_WARN_UNUSED_FUNCTION = YES;
				GCC_WARN_UNUSED_VARIABLE = YES;
				IPHONEOS_DEPLOYMENT_TARGET = 17.0;
				MARKETING_VERSION = 0.1.0;
				MTL_ENABLE_DEBUG_INFO = NO;
				MTL_FAST_MATH = YES;
				PRODUCT_NAME = "$(TARGET_NAME)";
				SDKROOT = iphoneos;
				SWIFT_COMPILATION_MODE = wholemodule;
				SWIFT_OPTIMIZATION_LEVEL = "-O";
				SWIFT_VERSION = 6.0;
			};
			name = Release;
		};
/* End XCBuildConfiguration section */

/* Begin XCConfigurationList section */
		7E792592301588154BF5C3FE /* Build configuration list for PBXNativeTarget "IdeaLabDemoTests" */ = {
			isa = XCConfigurationList;
			buildConfigurations = (
				A1955DE7B158A0A021D49E0C /* Debug */,
				DB85153BE94926A208CC0FB0 /* Release */,
			);
			defaultConfigurationIsVisible = 0;
			defaultConfigurationName = Debug;
		};
		9ECBFBF79054388F20DAD615 /* Build configuration list for PBXProject "IdeaLabDemo" */ = {
			isa = XCConfigurationList;
			buildConfigurations = (
				FA6D2C0F43096BDBA83CBDE1 /* Debug */,
				FEB4B49E24A763E5A479C089 /* Release */,
			);
			defaultConfigurationIsVisible = 0;
			defaultConfigurationName = Debug;
		};
		B9FDA5614A230EDEA281B56D /* Build configuration list for PBXNativeTarget "IdeaLabDemoControls" */ = {
			isa = XCConfigurationList;
			buildConfigurations = (
				8FDA977B87980409BBA5CCCD /* Debug */,
				41BF4F613F41F964DAD93300 /* Release */,
			);
			defaultConfigurationIsVisible = 0;
			defaultConfigurationName = Debug;
		};
		C23AF025006A29125697AB2B /* Build configuration list for PBXNativeTarget "IdeaLabDemo" */ = {
			isa = XCConfigurationList;
			buildConfigurations = (
				3E96286F7468750896D84C1D /* Debug */,
				49F900243D2B609F2D607218 /* Release */,
			);
			defaultConfigurationIsVisible = 0;
			defaultConfigurationName = Debug;
		};
/* End XCConfigurationList section */

/* Begin XCLocalSwiftPackageReference section */
		1111D2B2100AF557F04F6B52 /* XCLocalSwiftPackageReference "../IdeaLabKit" */ = {
			isa = XCLocalSwiftPackageReference;
			relativePath = ../IdeaLabKit;
		};
/* End XCLocalSwiftPackageReference section */

/* Begin XCSwiftPackageProductDependency section */
		131E1CAE69793FD1E0C18E59 /* IdeaLabCore */ = {
			isa = XCSwiftPackageProductDependency;
			productName = IdeaLabCore;
		};
		2820F0EF930632FE3E380248 /* IdeaLabPhotos */ = {
			isa = XCSwiftPackageProductDependency;
			productName = IdeaLabPhotos;
		};
		6C1448D2C61EAF5B94A589B4 /* IdeaLabWidgets */ = {
			isa = XCSwiftPackageProductDependency;
			productName = IdeaLabWidgets;
		};
		80F0750C775222F7E68D7B10 /* IdeaLabCore */ = {
			isa = XCSwiftPackageProductDependency;
			productName = IdeaLabCore;
		};
		C0A275FC09D1458721725E8F /* IdeaLabWidgets */ = {
			isa = XCSwiftPackageProductDependency;
			productName = IdeaLabWidgets;
		};
		EA986E2395F873E9BCA76CA5 /* IdeaLabUI */ = {
			isa = XCSwiftPackageProductDependency;
			productName = IdeaLabUI;
		};
		EBE90D97386EB571B57AC051 /* IdeaLabStore */ = {
			isa = XCSwiftPackageProductDependency;
			productName = IdeaLabStore;
		};
/* End XCSwiftPackageProductDependency section */
	};
	rootObject = F00421A292AA5FB5F513537F /* Project object */;
}
